{
  "name": "rudder-transformer",
  "version": "1.0.0",
  "lockfileVersion": 1,
  "requires": true,
  "dependencies": {
    "jsonq": {
      "version": "1.2.0",
      "resolved": "https://registry.npmjs.org/jsonq/-/jsonq-1.2.0.tgz",
      "integrity": "sha512-hFDq++ch9HOkJzfn5LPOeL3uVuHwZp8kfylpLEWygPrPmS/ZjLFcjoo46ilZjaL8cEu8CTSk0paw+pyW4UaMQQ=="
    }
  }
}
